
Microsoft Visual Studio Solution File, Format Version 12.00
# Visual Studio 15
VisualStudioVersion = 15.0.26403.3
MinimumVisualStudioVersion = 10.0.40219.1
Project("{FAE04EC0-301F-11D3-BF4B-00C04F79EFBC}") = "ToDoList", "ToDoList\ToDoList.csproj", "{FAD9E344-6548-400E-BA74-275E8C805249}"
EndProject
Project("{FAE04EC0-301F-11D3-BF4B-00C04F79EFBC}") = "Entities", "Entities\Entities.csproj", "{D06A9D2E-C6F6-4831-8991-70F5EE5BB420}"
EndProject
Project("{FAE04EC0-301F-11D3-BF4B-00C04F79EFBC}") = "DbContext", "DbContext\DbContext.csproj", "{6CF9F606-A03E-431F-AF42-4521E45B5CE4}"
EndProject
Global
	GlobalSection(SolutionConfigurationPlatforms) = preSolution
		Debug|Any CPU = Debug|Any CPU
		Release|Any CPU = Release|Any CPU
	EndGlobalSection
	GlobalSection(ProjectConfigurationPlatforms) = postSolution
		{FAD9E344-6548-400E-BA74-275E8C805249}.Debug|Any CPU.ActiveCfg = Debug|Any CPU
		{FAD9E344-6548-400E-BA74-275E8C805249}.Debug|Any CPU.Build.0 = Debug|Any CPU
		{FAD9E344-6548-400E-BA74-275E8C805249}.Release|Any CPU.ActiveCfg = Release|Any CPU
		{FAD9E344-6548-400E-BA74-275E8C805249}.Release|Any CPU.Build.0 = Release|Any CPU
		{D06A9D2E-C6F6-4831-8991-70F5EE5BB420}.Debug|Any CPU.ActiveCfg = Debug|Any CPU
		{D06A9D2E-C6F6-4831-8991-70F5EE5BB420}.Debug|Any CPU.Build.0 = Debug|Any CPU
		{D06A9D2E-C6F6-4831-8991-70F5EE5BB420}.Release|Any CPU.ActiveCfg = Release|Any CPU
		{D06A9D2E-C6F6-4831-8991-70F5EE5BB420}.Release|Any CPU.Build.0 = Release|Any CPU
		{6CF9F606-A03E-431F-AF42-4521E45B5CE4}.Debug|Any CPU.ActiveCfg = Debug|Any CPU
		{6CF9F606-A03E-431F-AF42-4521E45B5CE4}.Debug|Any CPU.Build.0 = Debug|Any CPU
		{6CF9F606-A03E-431F-AF42-4521E45B5CE4}.Release|Any CPU.ActiveCfg = Release|Any CPU
		{6CF9F606-A03E-431F-AF42-4521E45B5CE4}.Release|Any CPU.Build.0 = Release|Any CPU
	EndGlobalSection
	GlobalSection(SolutionProperties) = preSolution
		HideSolutionNode = FALSE
	EndGlobalSection
EndGlobal
